
Microsoft Visual Studio Solution File, Format Version 12.00
# Visual Studio Version 17
VisualStudioVersion = 17.3.32901.215
MinimumVisualStudioVersion = 10.0.40219.1
Project("{FAE04EC0-301F-11D3-BF4B-00C04F79EFBC}") = "Part 7 Lists Programming Assignment", "Part 7 Lists Programming Assignment\Part 7 Lists Programming Assignment.csproj", "{5203A54F-1291-45BE-8DE6-AB8C56F783D0}"
EndProject
Global
	GlobalSection(SolutionConfigurationPlatforms) = preSolution
		Debug|Any CPU = Debug|Any CPU
		Release|Any CPU = Release|Any CPU
	EndGlobalSection
	GlobalSection(ProjectConfigurationPlatforms) = postSolution
		{5203A54F-1291-45BE-8DE6-AB8C56F783D0}.Debug|Any CPU.ActiveCfg = Debug|Any CPU
		{5203A54F-1291-45BE-8DE6-AB8C56F783D0}.Debug|Any CPU.Build.0 = Debug|Any CPU
		{5203A54F-1291-45BE-8DE6-AB8C56F783D0}.Release|Any CPU.ActiveCfg = Release|Any CPU
		{5203A54F-1291-45BE-8DE6-AB8C56F783D0}.Release|Any CPU.Build.0 = Release|Any CPU
	EndGlobalSection
	GlobalSection(SolutionProperties) = preSolution
		HideSolutionNode = FALSE
	EndGlobalSection
	GlobalSection(ExtensibilityGlobals) = postSolution
		SolutionGuid = {A5904171-ABF1-4E3E-AC27-2ECEF4FC2459}
	EndGlobalSection
EndGlobal
